
Microsoft Visual Studio Solution File, Format Version 12.00
# Visual Studio Version 17
VisualStudioVersion = 17.1.32414.318
MinimumVisualStudioVersion = 10.0.40219.1
Project("{2150E333-8FDC-42A3-9474-1A3956D46DE8}") = "src", "src", "{FC5CBAF4-8654-4D9F-8EA1-98AC9D7921F1}"
EndProject
Project("{9A19103F-16F7-4668-BE54-9A1E7A4F7556}") = "MySpot.Api", "src\MySpot.Api\MySpot.Api.csproj", "{D987CC2F-1FD8-4EC6-8A89-3ACB97C8F163}"
EndProject
Project("{2150E333-8FDC-42A3-9474-1A3956D46DE8}") = "tests", "tests", "{FCAC1982-B1DF-453B-AF5B-82666F84E433}"
EndProject
Project("{9A19103F-16F7-4668-BE54-9A1E7A4F7556}") = "MySpot.Tests.Unit", "tests\MySpot.Tests.Unit\MySpot.Tests.Unit.csproj", "{672C1B8D-3480-402C-AD89-9BB19A894453}"
EndProject
Project("{FAE04EC0-301F-11D3-BF4B-00C04F79EFBC}") = "MySpot.Core", "src\MySpot.Core\MySpot.Core.csproj", "{670CFDEF-4EB0-4BCE-8581-7C5C8CD46F78}"
EndProject
Project("{FAE04EC0-301F-11D3-BF4B-00C04F79EFBC}") = "MySpot.Application", "src\MySpot.Application\MySpot.Application.csproj", "{D1305B0A-2CF0-4FE4-9CAE-937EAC5159C3}"
EndProject
Project("{FAE04EC0-301F-11D3-BF4B-00C04F79EFBC}") = "MySpot.Infrastructure", "src\MySpot.Infrastructure\MySpot.Infrastructure.csproj", "{11A5CC1E-0A06-4672-A713-8F49BEB14789}"
EndProject
Global
	GlobalSection(SolutionConfigurationPlatforms) = preSolution
		Debug|Any CPU = Debug|Any CPU
		Release|Any CPU = Release|Any CPU
	EndGlobalSection
	GlobalSection(ProjectConfigurationPlatforms) = postSolution
		{D987CC2F-1FD8-4EC6-8A89-3ACB97C8F163}.Debug|Any CPU.ActiveCfg = Debug|Any CPU
		{D987CC2F-1FD8-4EC6-8A89-3ACB97C8F163}.Debug|Any CPU.Build.0 = Debug|Any CPU
		{D987CC2F-1FD8-4EC6-8A89-3ACB97C8F163}.Release|Any CPU.ActiveCfg = Release|Any CPU
		{D987CC2F-1FD8-4EC6-8A89-3ACB97C8F163}.Release|Any CPU.Build.0 = Release|Any CPU
		{672C1B8D-3480-402C-AD89-9BB19A894453}.Debug|Any CPU.ActiveCfg = Debug|Any CPU
		{672C1B8D-3480-402C-AD89-9BB19A894453}.Release|Any CPU.ActiveCfg = Release|Any CPU
		{672C1B8D-3480-402C-AD89-9BB19A894453}.Release|Any CPU.Build.0 = Release|Any CPU
		{670CFDEF-4EB0-4BCE-8581-7C5C8CD46F78}.Debug|Any CPU.ActiveCfg = Debug|Any CPU
		{670CFDEF-4EB0-4BCE-8581-7C5C8CD46F78}.Debug|Any CPU.Build.0 = Debug|Any CPU
		{670CFDEF-4EB0-4BCE-8581-7C5C8CD46F78}.Release|Any CPU.ActiveCfg = Release|Any CPU
		{670CFDEF-4EB0-4BCE-8581-7C5C8CD46F78}.Release|Any CPU.Build.0 = Release|Any CPU
		{D1305B0A-2CF0-4FE4-9CAE-937EAC5159C3}.Debug|Any CPU.ActiveCfg = Debug|Any CPU
		{D1305B0A-2CF0-4FE4-9CAE-937EAC5159C3}.Debug|Any CPU.Build.0 = Debug|Any CPU
		{D1305B0A-2CF0-4FE4-9CAE-937EAC5159C3}.Release|Any CPU.ActiveCfg = Release|Any CPU
		{D1305B0A-2CF0-4FE4-9CAE-937EAC5159C3}.Release|Any CPU.Build.0 = Release|Any CPU
		{11A5CC1E-0A06-4672-A713-8F49BEB14789}.Debug|Any CPU.ActiveCfg = Debug|Any CPU
		{11A5CC1E-0A06-4672-A713-8F49BEB14789}.Debug|Any CPU.Build.0 = Debug|Any CPU
		{11A5CC1E-0A06-4672-A713-8F49BEB14789}.Release|Any CPU.ActiveCfg = Release|Any CPU
		{11A5CC1E-0A06-4672-A713-8F49BEB14789}.Release|Any CPU.Build.0 = Release|Any CPU
	EndGlobalSection
	GlobalSection(SolutionProperties) = preSolution
		HideSolutionNode = FALSE
	EndGlobalSection
	GlobalSection(NestedProjects) = preSolution
		{D987CC2F-1FD8-4EC6-8A89-3ACB97C8F163} = {FC5CBAF4-8654-4D9F-8EA1-98AC9D7921F1}
		{672C1B8D-3480-402C-AD89-9BB19A894453} = {FCAC1982-B1DF-453B-AF5B-82666F84E433}
		{670CFDEF-4EB0-4BCE-8581-7C5C8CD46F78} = {FC5CBAF4-8654-4D9F-8EA1-98AC9D7921F1}
		{D1305B0A-2CF0-4FE4-9CAE-937EAC5159C3} = {FC5CBAF4-8654-4D9F-8EA1-98AC9D7921F1}
		{11A5CC1E-0A06-4672-A713-8F49BEB14789} = {FC5CBAF4-8654-4D9F-8EA1-98AC9D7921F1}
	EndGlobalSection
	GlobalSection(ExtensibilityGlobals) = postSolution
		SolutionGuid = {D238BC76-C670-4252-B45D-1CA38F2F0DB4}
	EndGlobalSection
EndGlobal
